// !$*UTF8*$!
{
	archiveVersion = 1;
	classes = {
	};
	objectVersion = 46;
	objects = {

/* Begin PBXBuildFile section */
		B5432F7614A8E14300FC77AD /* UIKit.framework in Frameworks */ = {isa = PBXBuildFile; fileRef = B5432F7514A8E14300FC77AD /* UIKit.framework */; };
		B5432F7814A8E14300FC77AD /* Foundation.framework in Frameworks */ = {isa = PBXBuildFile; fileRef = B5432F7714A8E14300FC77AD /* Foundation.framework */; };
		B5432F7A14A8E14300FC77AD /* CoreGraphics.framework in Frameworks */ = {isa = PBXBuildFile; fileRef = B5432F7914A8E14300FC77AD /* CoreGraphics.framework */; };
		B5432F8014A8E14300FC77AD /* InfoPlist.strings in Resources */ = {isa = PBXBuildFile; fileRef = B5432F7E14A8E14300FC77AD /* InfoPlist.strings */; };
		B5432F8214A8E14300FC77AD /* main.m in Sources */ = {isa = PBXBuildFile; fileRef = B5432F8114A8E14300FC77AD /* main.m */; };
		B5432F8614A8E14300FC77AD /* SUAppDelegate.m in Sources */ = {isa = PBXBuildFile; fileRef = B5432F8514A8E14300FC77AD /* SUAppDelegate.m */; };
		B5432F8914A8E14300FC77AD /* SUViewController.m in Sources */ = {isa = PBXBuildFile; fileRef = B5432F8814A8E14300FC77AD /* SUViewController.m */; };
		B5432F8C14A8E14300FC77AD /* SUViewController.xib in Resources */ = {isa = PBXBuildFile; fileRef = B5432F8A14A8E14300FC77AD /* SUViewController.xib */; };
		B5432F9414A8E15B00FC77AD /* SUSubscription.m in Sources */ = {isa = PBXBuildFile; fileRef = B5432F9314A8E15B00FC77AD /* SUSubscription.m */; };
/* End PBXBuildFile section */

/* Begin PBXFileReference section */
		B5432F7114A8E14300FC77AD /* Subscribe.app */ = {isa = PBXFileReference; explicitFileType = wrapper.application; includeInIndex = 0; path = Subscribe.app; sourceTree = BUILT_PRODUCTS_DIR; };
		B5432F7514A8E14300FC77AD /* UIKit.framework */ = {isa = PBXFileReference; lastKnownFileType = wrapper.framework; name = UIKit.framework; path = System/Library/Frameworks/UIKit.framework; sourceTree = SDKROOT; };
		B5432F7714A8E14300FC77AD /* Foundation.framework */ = {isa = PBXFileReference; lastKnownFileType = wrapper.framework; name = Foundation.framework; path = System/Library/Frameworks/Foundation.framework; sourceTree = SDKROOT; };
		B5432F7914A8E14300FC77AD /* CoreGraphics.framework */ = {isa = PBXFileReference; lastKnownFileType = wrapper.framework; name = CoreGraphics.framework; path = System/Library/Frameworks/CoreGraphics.framework; sourceTree = SDKROOT; };
		B5432F7D14A8E14300FC77AD /* Subscribe-Info.plist */ = {isa = PBXFileReference; lastKnownFileType = text.plist.xml; path = "Subscribe-Info.plist"; sourceTree = "<group>"; };
		B5432F7F14A8E14300FC77AD /* en */ = {isa = PBXFileReference; lastKnownFileType = text.plist.strings; name = en; path = en.lproj/InfoPlist.strings; sourceTree = "<group>"; };
		B5432F8114A8E14300FC77AD /* main.m */ = {isa = PBXFileReference; lastKnownFileType = sourcecode.c.objc; path = main.m; sourceTree = "<group>"; };
		B5432F8314A8E14300FC77AD /* Subscribe-Prefix.pch */ = {isa = PBXFileReference; lastKnownFileType = sourcecode.c.h; path = "Subscribe-Prefix.pch"; sourceTree = "<group>"; };
		B5432F8414A8E14300FC77AD /* SUAppDelegate.h */ = {isa = PBXFileReference; lastKnownFileType = sourcecode.c.h; path = SUAppDelegate.h; sourceTree = "<group>"; };
		B5432F8514A8E14300FC77AD /* SUAppDelegate.m */ = {isa = PBXFileReference; lastKnownFileType = sourcecode.c.objc; path = SUAppDelegate.m; sourceTree = "<group>"; };
		B5432F8714A8E14300FC77AD /* SUViewController.h */ = {isa = PBXFileReference; lastKnownFileType = sourcecode.c.h; path = SUViewController.h; sourceTree = "<group>"; };
		B5432F8814A8E14300FC77AD /* SUViewController.m */ = {isa = PBXFileReference; lastKnownFileType = sourcecode.c.objc; path = SUViewController.m; sourceTree = "<group>"; };
		B5432F8B14A8E14300FC77AD /* en */ = {isa = PBXFileReference; lastKnownFileType = file.xib; name = en; path = en.lproj/SUViewController.xib; sourceTree = "<group>"; };
		B5432F9214A8E15B00FC77AD /* SUSubscription.h */ = {isa = PBXFileReference; fileEncoding = 4; lastKnownFileType = sourcecode.c.h; name = SUSubscription.h; path = Subscribe/SUSubscription.h; sourceTree = "<group>"; };
		B5432F9314A8E15B00FC77AD /* SUSubscription.m */ = {isa = PBXFileReference; fileEncoding = 4; lastKnownFileType = sourcecode.c.objc; name = SUSubscription.m; path = Subscribe/SUSubscription.m; sourceTree = "<group>"; };
/* End PBXFileReference section */

/* Begin PBXFrameworksBuildPhase section */
		B5432F6E14A8E14300FC77AD /* Frameworks */ = {
			isa = PBXFrameworksBuildPhase;
			buildActionMask = 2147483647;
			files = (
				B5432F7614A8E14300FC77AD /* UIKit.framework in Frameworks */,
				B5432F7814A8E14300FC77AD /* Foundation.framework in Frameworks */,
				B5432F7A14A8E14300FC77AD /* CoreGraphics.framework in Frameworks */,
			);
			runOnlyForDeploymentPostprocessing = 0;
		};
/* End PBXFrameworksBuildPhase section */

/* Begin PBXGroup section */
		B5432F6614A8E14300FC77AD = {
			isa = PBXGroup;
			children = (
				B5432F9214A8E15B00FC77AD /* SUSubscription.h */,
				B5432F9314A8E15B00FC77AD /* SUSubscription.m */,
				B5432F7B14A8E14300FC77AD /* Subscribe */,
				B5432F7414A8E14300FC77AD /* Frameworks */,
				B5432F7214A8E14300FC77AD /* Products */,
			);
			sourceTree = "<group>";
		};
		B5432F7214A8E14300FC77AD /* Products */ = {
			isa = PBXGroup;
			children = (
				B5432F7114A8E14300FC77AD /* Subscribe.app */,
			);
			name = Products;
			sourceTree = "<group>";
		};
		B5432F7414A8E14300FC77AD /* Frameworks */ = {
			isa = PBXGroup;
			children = (
				B5432F7514A8E14300FC77AD /* UIKit.framework */,
				B5432F7714A8E14300FC77AD /* Foundation.framework */,
				B5432F7914A8E14300FC77AD /* CoreGraphics.framework */,
			);
			name = Frameworks;
			sourceTree = "<group>";
		};
		B5432F7B14A8E14300FC77AD /* Subscribe */ = {
			isa = PBXGroup;
			children = (
				B5432F8414A8E14300FC77AD /* SUAppDelegate.h */,
				B5432F8514A8E14300FC77AD /* SUAppDelegate.m */,
				B5432F8714A8E14300FC77AD /* SUViewController.h */,
				B5432F8814A8E14300FC77AD /* SUViewController.m */,
				B5432F8A14A8E14300FC77AD /* SUViewController.xib */,
				B5432F7C14A8E14300FC77AD /* Supporting Files */,
			);
			path = Subscribe;
			sourceTree = "<group>";
		};
		B5432F7C14A8E14300FC77AD /* Supporting Files */ = {
			isa = PBXGroup;
			children = (
				B5432F7D14A8E14300FC77AD /* Subscribe-Info.plist */,
				B5432F7E14A8E14300FC77AD /* InfoPlist.strings */,
				B5432F8114A8E14300FC77AD /* main.m */,
				B5432F8314A8E14300FC77AD /* Subscribe-Prefix.pch */,
			);
			name = "Supporting Files";
			sourceTree = "<group>";
		};
/* End PBXGroup section */

/* Begin PBXNativeTarget section */
		B5432F7014A8E14300FC77AD /* Subscribe */ = {
			isa = PBXNativeTarget;
			buildConfigurationList = B5432F8F14A8E14300FC77AD /* Build configuration list for PBXNativeTarget "Subscribe" */;
			buildPhases = (
				B5432F6D14A8E14300FC77AD /* Sources */,
				B5432F6E14A8E14300FC77AD /* Frameworks */,
				B5432F6F14A8E14300FC77AD /* Resources */,
			);
			buildRules = (
			);
			dependencies = (
			);
			name = Subscribe;
			productName = Subscribe;
			productReference = B5432F7114A8E14300FC77AD /* Subscribe.app */;
			productType = "com.apple.product-type.application";
		};
/* End PBXNativeTarget section */

/* Begin PBXProject section */
		B5432F6814A8E14300FC77AD /* Project object */ = {
			isa = PBXProject;
			attributes = {
				LastUpgradeCheck = 0420;
			};
			buildConfigurationList = B5432F6B14A8E14300FC77AD /* Build configuration list for PBXProject "Subscribe" */;
			compatibilityVersion = "Xcode 3.2";
			developmentRegion = English;
			hasScannedForEncodings = 0;
			knownRegions = (
				en,
			);
			mainGroup = B5432F6614A8E14300FC77AD;
			productRefGroup = B5432F7214A8E14300FC77AD /* Products */;
			projectDirPath = "";
			projectRoot = "";
			targets = (
				B5432F7014A8E14300FC77AD /* Subscribe */,
			);
		};
/* End PBXProject section */

/* Begin PBXResourcesBuildPhase section */
		B5432F6F14A8E14300FC77AD /* Resources */ = {
			isa = PBXResourcesBuildPhase;
			buildActionMask = 2147483647;
			files = (
				B5432F8014A8E14300FC77AD /* InfoPlist.strings in Resources */,
				B5432F8C14A8E14300FC77AD /* SUViewController.xib in Resources */,
			);
			runOnlyForDeploymentPostprocessing = 0;
		};
/* End PBXResourcesBuildPhase section */

/* Begin PBXSourcesBuildPhase section */
		B5432F6D14A8E14300FC77AD /* Sources */ = {
			isa = PBXSourcesBuildPhase;
			buildActionMask = 2147483647;
			files = (
				B5432F8214A8E14300FC77AD /* main.m in Sources */,
				B5432F8614A8E14300FC77AD /* SUAppDelegate.m in Sources */,
				B5432F8914A8E14300FC77AD /* SUViewController.m in Sources */,
				B5432F9414A8E15B00FC77AD /* SUSubscription.m in Sources */,
			);
			runOnlyForDeploymentPostprocessing = 0;
		};
/* End PBXSourcesBuildPhase section */

/* Begin PBXVariantGroup section */
		B5432F7E14A8E14300FC77AD /* InfoPlist.strings */ = {
			isa = PBXVariantGroup;
			children = (
				B5432F7F14A8E14300FC77AD /* en */,
			);
			name = InfoPlist.strings;
			sourceTree = "<group>";
		};
		B5432F8A14A8E14300FC77AD /* SUViewController.xib */ = {
			isa = PBXVariantGroup;
			children = (
				B5432F8B14A8E14300FC77AD /* en */,
			);
			name = SUViewController.xib;
			sourceTree = "<group>";
		};
/* End PBXVariantGroup section */

/* Begin XCBuildConfiguration section */
		B5432F8D14A8E14300FC77AD /* Debug */ = {
			isa = XCBuildConfiguration;
			buildSettings = {
				ALWAYS_SEARCH_USER_PATHS = NO;
				ARCHS = "$(ARCHS_STANDARD_32_BIT)";
				CLANG_ENABLE_OBJC_ARC = YES;
				"CODE_SIGN_IDENTITY[sdk=iphoneos*]" = "iPhone Developer";
				COPY_PHASE_STRIP = NO;
				GCC_C_LANGUAGE_STANDARD = gnu99;
				GCC_DYNAMIC_NO_PIC = NO;
				GCC_OPTIMIZATION_LEVEL = 0;
				GCC_PREPROCESSOR_DEFINITIONS = (
					"DEBUG=1",
					"$(inherited)",
				);
				GCC_SYMBOLS_PRIVATE_EXTERN = NO;
				GCC_VERSION = com.apple.compilers.llvm.clang.1_0;
				GCC_WARN_ABOUT_MISSING_PROTOTYPES = YES;
				GCC_WARN_ABOUT_RETURN_TYPE = YES;
				GCC_WARN_UNUSED_VARIABLE = YES;
				IPHONEOS_DEPLOYMENT_TARGET = 5.0;
				SDKROOT = iphoneos;
			};
			name = Debug;
		};
		B5432F8E14A8E14300FC77AD /* Release */ = {
			isa = XCBuildConfiguration;
			buildSettings = {
				ALWAYS_SEARCH_USER_PATHS = NO;
				ARCHS = "$(ARCHS_STANDARD_32_BIT)";
				CLANG_ENABLE_OBJC_ARC = YES;
				"CODE_SIGN_IDENTITY[sdk=iphoneos*]" = "iPhone Developer";
				COPY_PHASE_STRIP = YES;
				GCC_C_LANGUAGE_STANDARD = gnu99;
				GCC_VERSION = com.apple.compilers.llvm.clang.1_0;
				GCC_WARN_ABOUT_MISSING_PROTOTYPES = YES;
				GCC_WARN_ABOUT_RETURN_TYPE = YES;
				GCC_WARN_UNUSED_VARIABLE = YES;
				IPHONEOS_DEPLOYMENT_TARGET = 5.0;
				OTHER_CFLAGS = "-DNS_BLOCK_ASSERTIONS=1";
				SDKROOT = iphoneos;
				VALIDATE_PRODUCT = YES;
			};
			name = Release;
		};
		B5432F9014A8E14300FC77AD /* Debug */ = {
			isa = XCBuildConfiguration;
			buildSettings = {
				GCC_PRECOMPILE_PREFIX_HEADER = YES;
				GCC_PREFIX_HEADER = "Subscribe/Subscribe-Prefix.pch";
				INFOPLIST_FILE = "Subscribe/Subscribe-Info.plist";
				PRODUCT_NAME = "$(TARGET_NAME)";
				WRAPPER_EXTENSION = app;
			};
			name = Debug;
		};
		B5432F9114A8E14300FC77AD /* Release */ = {
			isa = XCBuildConfiguration;
			buildSettings = {
				GCC_PRECOMPILE_PREFIX_HEADER = YES;
				GCC_PREFIX_HEADER = "Subscribe/Subscribe-Prefix.pch";
				INFOPLIST_FILE = "Subscribe/Subscribe-Info.plist";
				PRODUCT_NAME = "$(TARGET_NAME)";
				WRAPPER_EXTENSION = app;
			};
			name = Release;
		};
/* End XCBuildConfiguration section */

/* Begin XCConfigurationList section */
		B5432F6B14A8E14300FC77AD /* Build configuration list for PBXProject "Subscribe" */ = {
			isa = XCConfigurationList;
			buildConfigurations = (
				B5432F8D14A8E14300FC77AD /* Debug */,
				B5432F8E14A8E14300FC77AD /* Release */,
			);
			defaultConfigurationIsVisible = 0;
			defaultConfigurationName = Release;
		};
		B5432F8F14A8E14300FC77AD /* Build configuration list for PBXNativeTarget "Subscribe" */ = {
			isa = XCConfigurationList;
			buildConfigurations = (
				B5432F9014A8E14300FC77AD /* Debug */,
				B5432F9114A8E14300FC77AD /* Release */,
			);
			defaultConfigurationIsVisible = 0;
		};
/* End XCConfigurationList section */
	};
	rootObject = B5432F6814A8E14300FC77AD /* Project object */;
}
